
Microsoft Visual Studio Solution File, Format Version 12.00
# Visual Studio 15
VisualStudioVersion = 15.0.26124.0
MinimumVisualStudioVersion = 15.0.26124.0
Project("{FAE04EC0-301F-11D3-BF4B-00C04F79EFBC}") = "AdventureDayRunner", "AdventureDayRunner\AdventureDayRunner.csproj", "{044FD27A-0324-4553-BF76-7DA3B1D90C1F}"
EndProject
Project("{FAE04EC0-301F-11D3-BF4B-00C04F79EFBC}") = "AdventureDayRunnerAPI", "AdventureDayRunnerAPI\AdventureDayRunnerAPI.csproj", "{500C73DF-F156-49D8-8204-8ED5D3F1C3E2}"
EndProject
Project("{FAE04EC0-301F-11D3-BF4B-00C04F79EFBC}") = "AdventureDayRunner.Shared", "AdventureDayRunner.Shared\AdventureDayRunner.Shared.csproj", "{E1DE05E0-5756-4725-85D4-DB42D29DD226}"
EndProject
Global
	GlobalSection(SolutionConfigurationPlatforms) = preSolution
		Debug|Any CPU = Debug|Any CPU
		Debug|x64 = Debug|x64
		Debug|x86 = Debug|x86
		Release|Any CPU = Release|Any CPU
		Release|x64 = Release|x64
		Release|x86 = Release|x86
	EndGlobalSection
	GlobalSection(SolutionProperties) = preSolution
		HideSolutionNode = FALSE
	EndGlobalSection
	GlobalSection(ProjectConfigurationPlatforms) = postSolution
		{044FD27A-0324-4553-BF76-7DA3B1D90C1F}.Debug|Any CPU.ActiveCfg = Debug|Any CPU
		{044FD27A-0324-4553-BF76-7DA3B1D90C1F}.Debug|Any CPU.Build.0 = Debug|Any CPU
		{044FD27A-0324-4553-BF76-7DA3B1D90C1F}.Debug|x64.ActiveCfg = Debug|Any CPU
		{044FD27A-0324-4553-BF76-7DA3B1D90C1F}.Debug|x64.Build.0 = Debug|Any CPU
		{044FD27A-0324-4553-BF76-7DA3B1D90C1F}.Debug|x86.ActiveCfg = Debug|Any CPU
		{044FD27A-0324-4553-BF76-7DA3B1D90C1F}.Debug|x86.Build.0 = Debug|Any CPU
		{044FD27A-0324-4553-BF76-7DA3B1D90C1F}.Release|Any CPU.ActiveCfg = Release|Any CPU
		{044FD27A-0324-4553-BF76-7DA3B1D90C1F}.Release|Any CPU.Build.0 = Release|Any CPU
		{044FD27A-0324-4553-BF76-7DA3B1D90C1F}.Release|x64.ActiveCfg = Release|Any CPU
		{044FD27A-0324-4553-BF76-7DA3B1D90C1F}.Release|x64.Build.0 = Release|Any CPU
		{044FD27A-0324-4553-BF76-7DA3B1D90C1F}.Release|x86.ActiveCfg = Release|Any CPU
		{044FD27A-0324-4553-BF76-7DA3B1D90C1F}.Release|x86.Build.0 = Release|Any CPU
		{500C73DF-F156-49D8-8204-8ED5D3F1C3E2}.Debug|Any CPU.ActiveCfg = Debug|Any CPU
		{500C73DF-F156-49D8-8204-8ED5D3F1C3E2}.Debug|Any CPU.Build.0 = Debug|Any CPU
		{500C73DF-F156-49D8-8204-8ED5D3F1C3E2}.Debug|x64.ActiveCfg = Debug|Any CPU
		{500C73DF-F156-49D8-8204-8ED5D3F1C3E2}.Debug|x64.Build.0 = Debug|Any CPU
		{500C73DF-F156-49D8-8204-8ED5D3F1C3E2}.Debug|x86.ActiveCfg = Debug|Any CPU
		{500C73DF-F156-49D8-8204-8ED5D3F1C3E2}.Debug|x86.Build.0 = Debug|Any CPU
		{500C73DF-F156-49D8-8204-8ED5D3F1C3E2}.Release|Any CPU.ActiveCfg = Release|Any CPU
		{500C73DF-F156-49D8-8204-8ED5D3F1C3E2}.Release|Any CPU.Build.0 = Release|Any CPU
		{500C73DF-F156-49D8-8204-8ED5D3F1C3E2}.Release|x64.ActiveCfg = Release|Any CPU
		{500C73DF-F156-49D8-8204-8ED5D3F1C3E2}.Release|x64.Build.0 = Release|Any CPU
		{500C73DF-F156-49D8-8204-8ED5D3F1C3E2}.Release|x86.ActiveCfg = Release|Any CPU
		{500C73DF-F156-49D8-8204-8ED5D3F1C3E2}.Release|x86.Build.0 = Release|Any CPU
		{E1DE05E0-5756-4725-85D4-DB42D29DD226}.Debug|Any CPU.ActiveCfg = Debug|Any CPU
		{E1DE05E0-5756-4725-85D4-DB42D29DD226}.Debug|Any CPU.Build.0 = Debug|Any CPU
		{E1DE05E0-5756-4725-85D4-DB42D29DD226}.Debug|x64.ActiveCfg = Debug|Any CPU
		{E1DE05E0-5756-4725-85D4-DB42D29DD226}.Debug|x64.Build.0 = Debug|Any CPU
		{E1DE05E0-5756-4725-85D4-DB42D29DD226}.Debug|x86.ActiveCfg = Debug|Any CPU
		{E1DE05E0-5756-4725-85D4-DB42D29DD226}.Debug|x86.Build.0 = Debug|Any CPU
		{E1DE05E0-5756-4725-85D4-DB42D29DD226}.Release|Any CPU.ActiveCfg = Release|Any CPU
		{E1DE05E0-5756-4725-85D4-DB42D29DD226}.Release|Any CPU.Build.0 = Release|Any CPU
		{E1DE05E0-5756-4725-85D4-DB42D29DD226}.Release|x64.ActiveCfg = Release|Any CPU
		{E1DE05E0-5756-4725-85D4-DB42D29DD226}.Release|x64.Build.0 = Release|Any CPU
		{E1DE05E0-5756-4725-85D4-DB42D29DD226}.Release|x86.ActiveCfg = Release|Any CPU
		{E1DE05E0-5756-4725-85D4-DB42D29DD226}.Release|x86.Build.0 = Release|Any CPU
	EndGlobalSection
EndGlobal
